{
  "version": 4,
  "terraform_version": "1.12.2",
  "serial": 67,
  "lineage": "c79256ef-f207-14ad-6b38-7a8b4302ea4c",
  "outputs": {
    "advanced_monitoring_enabled": {
      "value": true,
      "type": "bool"
    },
    "app_api_keys_secret_arn": {
      "value": "arn:aws:secretsmanager:us-east-1:833896510207:secret:smartcloudops-ai/app/api-keys-db-w2uaNH",
      "type": "string"
    },
    "application_instance_id": {
      "value": "i-05f870c19ea0d2452",
      "type": "string"
    },
    "application_instance_public_dns": {
      "value": "ec2-44-200-14-5.compute-1.amazonaws.com",
      "type": "string"
    },
    "application_instance_public_ip": {
      "value": "44.200.14.5",
      "type": "string"
    },
    "application_log_group_name": {
      "value": "/aws/ec2/smartcloudops-ai-application",
      "type": "string"
    },
    "application_security_group_id": {
      "value": "sg-0ece6fb5b28079e9c",
      "type": "string"
    },
    "application_status_url": {
      "value": "http://44.200.14.5:5000/status",
      "type": "string"
    },
    "application_url": {
      "value": "http://44.200.14.5:5000",
      "type": "string"
    },
    "cloudtrail_arn": {
      "value": "arn:aws:cloudtrail:us-east-1:833896510207:trail/smartcloudops-ai-cloudtrail",
      "type": "string"
    },
    "cloudtrail_s3_bucket": {
      "value": "smartcloudops-ai-cloudtrail-logs-n3vmxiko",
      "type": "string"
    },
    "ec2_instance_profile_name": {
      "value": "smartcloudops-ai-ec2-profile",
      "type": "string"
    },
    "ec2_role_arn": {
      "value": "arn:aws:iam::833896510207:role/smartcloudops-ai-ec2-role",
      "type": "string"
    },
    "estimated_monthly_cost": {
      "value": "$0/month (within AWS Free Tier limits)",
      "type": "string"
    },
    "flask_app_url": {
      "value": "http://44.200.14.5:5000",
      "type": "string"
    },
    "free_tier_resources": {
      "value": {
        "cloudwatch_logs": "5GB log ingestion",
        "data_transfer": "15GB outbound",
        "ec2_instances": "2 x t2.micro (750 hours/month each)",
        "s3_storage": "5GB standard storage per bucket"
      },
      "type": [
        "object",
        {
          "cloudwatch_logs": "string",
          "data_transfer": "string",
          "ec2_instances": "string",
          "s3_storage": "string"
        }
      ]
    },
    "gemini_secret_arn": {
      "value": "arn:aws:secretsmanager:us-east-1:833896510207:secret:smartcloudops-ai/gemini/api-key-zWRGNE",
      "type": "string"
    },
    "grafana_url": {
      "value": "http://23.20.101.112:3000",
      "type": "string"
    },
    "guardduty_detector_id": {
      "value": "1f28f072005e4202b1269fe3aaf42e90",
      "type": "string"
    },
    "https_enabled": {
      "value": false,
      "type": "bool"
    },
    "logs_bucket_arn": {
      "value": "arn:aws:s3:::smartcloudops-ai-logs-aa7be1e7",
      "type": "string"
    },
    "logs_bucket_name": {
      "value": "smartcloudops-ai-logs-aa7be1e7",
      "type": "string"
    },
    "ml_models_bucket_arn": {
      "value": "arn:aws:s3:::smartcloudops-ai-ml-models-aa7be1e7",
      "type": "string"
    },
    "ml_models_bucket_name": {
      "value": "smartcloudops-ai-ml-models-aa7be1e7",
      "type": "string"
    },
    "monitoring_instance_id": {
      "value": "i-03ae77a7957752574",
      "type": "string"
    },
    "monitoring_instance_public_dns": {
      "value": "ec2-23-20-101-112.compute-1.amazonaws.com",
      "type": "string"
    },
    "monitoring_instance_public_ip": {
      "value": "23.20.101.112",
      "type": "string"
    },
    "monitoring_log_group_name": {
      "value": "/aws/ec2/smartcloudops-ai-monitoring",
      "type": "string"
    },
    "monitoring_security_group_id": {
      "value": "sg-05fbf3caecebdc008",
      "type": "string"
    },
    "openai_secret_arn": {
      "value": "arn:aws:secretsmanager:us-east-1:833896510207:secret:smartcloudops-ai/openai/api-key-eVPmyN",
      "type": "string"
    },
    "prometheus_url": {
      "value": "http://23.20.101.112:9090",
      "type": "string"
    },
    "public_subnet_1_id": {
      "value": "subnet-02b9be69811d7556e",
      "type": "string"
    },
    "public_subnet_2_id": {
      "value": "subnet-030091d41c99c1613",
      "type": "string"
    },
    "secrets_manager_enabled": {
      "value": true,
      "type": "bool"
    },
    "ssh_application_command": {
      "value": "ssh -i ~/.ssh/smartcloudops-ai.pem ec2-user@44.200.14.5",
      "type": "string"
    },
    "ssh_monitoring_command": {
      "value": "ssh -i ~/.ssh/smartcloudops-ai.pem ec2-user@23.20.101.112",
      "type": "string"
    },
    "ssl_certificate_arn": {
      "value": "",
      "type": "string"
    },
    "vpc_flow_logs_log_group": {
      "value": "/aws/vpc/flowlogs/smartcloudops-ai",
      "type": "string"
    },
    "vpc_id": {
      "value": "vpc-04f03b2228fe585e6",
      "type": "string"
    }
  },
  "resources": [
    {
      "mode": "data",
      "type": "aws_ami",
      "name": "amazon_linux",
      "provider": "provider[\"registry.terraform.io/hashicorp/aws\"]",
      "instances": [
        {
          "schema_version": 0,
          "attributes": {
            "architecture": "x86_64",
            "arn": "arn:aws:ec2:us-east-1::image/ami-0c12c782c6284b66c",
            "block_device_mappings": [
              {
                "device_name": "/dev/xvda",
                "ebs": {
                  "delete_on_termination": "true",
                  "encrypted": "false",
                  "iops": "0",
                  "snapshot_id": "snap-04901f04fa16b4c34",
                  "throughput": "0",
                  "volume_initialization_rate": "0",
                  "volume_size": "8",
                  "volume_type": "gp2"
                },
                "no_device": "",
                "virtual_name": ""
              }
            ],
            "boot_mode": "",
            "creation_date": "2025-08-03T03:13:30.000Z",
            "deprecation_time": "2025-11-01T03:14:00.000Z",
            "description": "Amazon Linux 2 AMI 2.0.20250804.1 x86_64 HVM gp2",
            "ena_support": true,
            "executable_users": null,
            "filter": [
              {
                "name": "name",
                "values": [
                  "amzn2-ami-hvm-*-x86_64-gp2"
                ]
              }
            ],
            "hypervisor": "xen",
            "id": "ami-0c12c782c6284b66c",
            "image_id": "ami-0c12c782c6284b66c",
            "image_location": "amazon/amzn2-ami-hvm-2.0.20250804.1-x86_64-gp2",
            "image_owner_alias": "amazon",
            "image_type": "machine",
            "imds_support": "",
            "include_deprecated": false,
            "kernel_id": "",
            "last_launched_time": "",
            "most_recent": true,
            "name": "amzn2-ami-hvm-2.0.20250804.1-x86_64-gp2",
            "name_regex": null,
            "owner_id": "137112412989",
            "owners": [
              "amazon"
            ],
            "platform": "",
            "platform_details": "Linux/UNIX",
            "product_codes": [],
            "public": true,
            "ramdisk_id": "",
            "root_device_name": "/dev/xvda",
            "root_device_type": "ebs",
            "root_snapshot_id": "snap-04901f04fa16b4c34",
            "sriov_net_support": "simple",
            "state": "available",
            "state_reason": {
              "code": "UNSET",
              "message": "UNSET"
            },
            "tags": {},
            "timeouts": null,
            "tpm_support": "",
            "uefi_data": null,
            "usage_operation": "RunInstances",
            "virtualization_type": "hvm"
          },
          "sensitive_attributes": [],
          "identity_schema_version": 0
        }
      ]
    },
    {
      "mode": "data",
      "type": "aws_availability_zones",
      "name": "available",
      "provider": "provider[\"registry.terraform.io/hashicorp/aws\"]",
      "instances": [
        {
          "schema_version": 0,
          "attributes": {
            "all_availability_zones": null,
            "exclude_names": null,
            "exclude_zone_ids": null,
            "filter": null,
            "group_names": [
              "us-east-1-zg-1"
            ],
            "id": "us-east-1",
            "names": [
              "us-east-1a",
              "us-east-1b",
              "us-east-1c",
              "us-east-1d",
              "us-east-1e",
              "us-east-1f"
            ],
            "state": "available",
            "timeouts": null,
            "zone_ids": [
              "use1-az6",
              "use1-az1",
              "use1-az2",
              "use1-az4",
              "use1-az3",
              "use1-az5"
            ]
          },
          "sensitive_attributes": [],
          "identity_schema_version": 0
        }
      ]
    },
    {
      "mode": "data",
      "type": "aws_caller_identity",
      "name": "current",
      "provider": "provider[\"registry.terraform.io/hashicorp/aws\"]",
      "instances": [
        {
          "schema_version": 0,
          "attributes": {
            "account_id": "833896510207",
            "arn": "arn:aws:iam::833896510207:user/smartcloudops",
            "id": "833896510207",
            "user_id": "AIDA4EKA26L7UEUY5HBE5"
          },
          "sensitive_attributes": [],
          "identity_schema_version": 0
        }
      ]
    },
    {
      "mode": "managed",
      "type": "aws_acm_certificate",
      "name": "main",
      "provider": "provider[\"registry.terraform.io/hashicorp/aws\"]",
      "instances": []
    },
    {
      "mode": "managed",
      "type": "aws_cloudtrail",
      "name": "main",
      "provider": "provider[\"registry.terraform.io/hashicorp/aws\"]",
      "instances": [
        {
          "index_key": 0,
          "schema_version": 1,
          "attributes": {
            "advanced_event_selector": [],
            "arn": "arn:aws:cloudtrail:us-east-1:833896510207:trail/smartcloudops-ai-cloudtrail",
            "cloud_watch_logs_group_arn": "",
            "cloud_watch_logs_role_arn": "",
            "enable_log_file_validation": false,
            "enable_logging": true,
            "event_selector": [
              {
                "data_resource": [
                  {
                    "type": "AWS::S3::Object",
                    "values": [
                      "arn:aws:s3:::smartcloudops-ai-ml-models-aa7be1e7/*"
                    ]
                  }
                ],
                "exclude_management_event_sources": null,
                "include_management_events": true,
                "read_write_type": "All"
              }
            ],
            "home_region": "us-east-1",
            "id": "arn:aws:cloudtrail:us-east-1:833896510207:trail/smartcloudops-ai-cloudtrail",
            "include_global_service_events": true,
            "insight_selector": [],
            "is_multi_region_trail": true,
            "is_organization_trail": false,
            "kms_key_id": "",
            "name": "smartcloudops-ai-cloudtrail",
            "s3_bucket_name": "smartcloudops-ai-cloudtrail-logs-n3vmxiko",
            "s3_key_prefix": "",
            "sns_topic_arn": "",
            "sns_topic_name": "",
            "tags": {
              "Environment": "production",
              "Name": "smartcloudops-ai-cloudtrail",
              "Purpose": "Security audit logging"
            },
            "tags_all": {
              "Environment": "production",
              "Name": "smartcloudops-ai-cloudtrail",
              "Purpose": "Security audit logging"
            }
          },
          "sensitive_attributes": [],
          "identity_schema_version": 0,
          "private": "eyJzY2hlbWFfdmVyc2lvbiI6IjEifQ==",
          "dependencies": [
            "aws_s3_bucket.cloudtrail_logs",
            "aws_s3_bucket.ml_models",
            "random_id.bucket_suffix",
            "random_string.cloudtrail_suffix"
          ]
        }
      ]
    },
    {
      "mode": "managed",
      "type": "aws_cloudwatch_log_group",
      "name": "application",
      "provider": "provider[\"registry.terraform.io/hashicorp/aws\"]",
      "instances": [
        {
          "schema_version": 0,
          "attributes": {
            "arn": "arn:aws:logs:us-east-1:833896510207:log-group:/aws/ec2/smartcloudops-ai-application",
            "id": "/aws/ec2/smartcloudops-ai-application",
            "kms_key_id": "",
            "log_group_class": "STANDARD",
            "name": "/aws/ec2/smartcloudops-ai-application",
            "name_prefix": "",
            "retention_in_days": 7,
            "skip_destroy": false,
            "tags": {
              "Name": "smartcloudops-ai-application-logs"
            },
            "tags_all": {
              "Name": "smartcloudops-ai-application-logs"
            }
          },
          "sensitive_attributes": [],
          "identity_schema_version": 0,
          "private": "bnVsbA=="
        }
      ]
    },
    {
      "mode": "managed",
      "type": "aws_cloudwatch_log_group",
      "name": "monitoring",
      "provider": "provider[\"registry.terraform.io/hashicorp/aws\"]",
      "instances": [
        {
          "schema_version": 0,
          "attributes": {
            "arn": "arn:aws:logs:us-east-1:833896510207:log-group:/aws/ec2/smartcloudops-ai-monitoring",
            "id": "/aws/ec2/smartcloudops-ai-monitoring",
            "kms_key_id": "",
            "log_group_class": "STANDARD",
            "name": "/aws/ec2/smartcloudops-ai-monitoring",
            "name_prefix": "",
            "retention_in_days": 7,
            "skip_destroy": false,
            "tags": {
              "Name": "smartcloudops-ai-monitoring-logs"
            },
            "tags_all": {
              "Name": "smartcloudops-ai-monitoring-logs"
            }
          },
          "sensitive_attributes": [],
          "identity_schema_version": 0,
          "private": "bnVsbA=="
        }
      ]
    },
    {
      "mode": "managed",
      "type": "aws_cloudwatch_log_group",
      "name": "vpc_flow_logs",
      "provider": "provider[\"registry.terraform.io/hashicorp/aws\"]",
      "instances": [
        {
          "index_key": 0,
          "schema_version": 0,
          "attributes": {
            "arn": "arn:aws:logs:us-east-1:833896510207:log-group:/aws/vpc/flowlogs/smartcloudops-ai",
            "id": "/aws/vpc/flowlogs/smartcloudops-ai",
            "kms_key_id": "",
            "log_group_class": "STANDARD",
            "name": "/aws/vpc/flowlogs/smartcloudops-ai",
            "name_prefix": "",
            "retention_in_days": 30,
            "skip_destroy": false,
            "tags": {
              "Environment": "production",
              "Name": "smartcloudops-ai-vpc-flow-logs"
            },
            "tags_all": {
              "Environment": "production",
              "Name": "smartcloudops-ai-vpc-flow-logs"
            }
          },
          "sensitive_attributes": [],
          "identity_schema_version": 0,
          "private": "bnVsbA=="
        }
      ]
    },
    {
      "mode": "managed",
      "type": "aws_flow_log",
      "name": "vpc_flow_logs",
      "provider": "provider[\"registry.terraform.io/hashicorp/aws\"]",
      "instances": [
        {
          "index_key": 0,
          "schema_version": 0,
          "attributes": {
            "arn": "arn:aws:ec2:us-east-1:833896510207:vpc-flow-log/fl-06ea0f33f0130a8e6",
            "deliver_cross_account_role": "",
            "destination_options": [],
            "eni_id": null,
            "iam_role_arn": "arn:aws:iam::833896510207:role/smartcloudops-ai-flow-log-role",
            "id": "fl-06ea0f33f0130a8e6",
            "log_destination": "arn:aws:logs:us-east-1:833896510207:log-group:/aws/vpc/flowlogs/smartcloudops-ai",
            "log_destination_type": "cloud-watch-logs",
            "log_format": "${version} ${account-id} ${interface-id} ${srcaddr} ${dstaddr} ${srcport} ${dstport} ${protocol} ${packets} ${bytes} ${start} ${end} ${action} ${log-status}",
            "log_group_name": "/aws/vpc/flowlogs/smartcloudops-ai",
            "max_aggregation_interval": 600,
            "subnet_id": null,
            "tags": {
              "Environment": "production",
              "Name": "smartcloudops-ai-vpc-flow-logs",
              "Purpose": "Network traffic monitoring"
            },
            "tags_all": {
              "Environment": "production",
              "Name": "smartcloudops-ai-vpc-flow-logs",
              "Purpose": "Network traffic monitoring"
            },
            "traffic_type": "ALL",
            "transit_gateway_attachment_id": null,
            "transit_gateway_id": null,
            "vpc_id": "vpc-04f03b2228fe585e6"
          },
          "sensitive_attributes": [],
          "identity_schema_version": 0,
          "private": "bnVsbA==",
          "dependencies": [
            "aws_cloudwatch_log_group.vpc_flow_logs",
            "aws_iam_role.flow_log_role",
            "aws_vpc.main"
          ]
        }
      ]
    },
    {
      "mode": "managed",
      "type": "aws_guardduty_detector",
      "name": "main",
      "provider": "provider[\"registry.terraform.io/hashicorp/aws\"]",
      "instances": [
        {
          "index_key": 0,
          "schema_version": 0,
          "attributes": {
            "account_id": "833896510207",
            "arn": "arn:aws:guardduty:us-east-1:833896510207:detector/1f28f072005e4202b1269fe3aaf42e90",
            "datasources": [
              {
                "kubernetes": [
                  {
                    "audit_logs": [
                      {
                        "enable": false
                      }
                    ]
                  }
                ],
                "malware_protection": [
                  {
                    "scan_ec2_instance_with_findings": [
                      {
                        "ebs_volumes": [
                          {
                            "enable": true
                          }
                        ]
                      }
                    ]
                  }
                ],
                "s3_logs": [
                  {
                    "enable": true
                  }
                ]
              }
            ],
            "enable": true,
            "finding_publishing_frequency": "SIX_HOURS",
            "id": "1f28f072005e4202b1269fe3aaf42e90",
            "tags": {
              "Environment": "production",
              "Name": "smartcloudops-ai-guardduty",
              "Purpose": "Threat detection"
            },
            "tags_all": {
              "Environment": "production",
              "Name": "smartcloudops-ai-guardduty",
              "Purpose": "Threat detection"
            }
          },
          "sensitive_attributes": [],
          "identity_schema_version": 0,
          "private": "bnVsbA=="
        }
      ]
    },
    {
      "mode": "managed",
      "type": "aws_iam_instance_profile",
      "name": "ec2_profile",
      "provider": "provider[\"registry.terraform.io/hashicorp/aws\"]",
      "instances": [
        {
          "schema_version": 0,
          "attributes": {
            "arn": "arn:aws:iam::833896510207:instance-profile/smartcloudops-ai-ec2-profile",
            "create_date": "2025-08-04T17:13:21Z",
            "id": "smartcloudops-ai-ec2-profile",
            "name": "smartcloudops-ai-ec2-profile",
            "name_prefix": "",
            "path": "/",
            "role": "smartcloudops-ai-ec2-role",
            "tags": {},
            "tags_all": {},
            "unique_id": "AIPA4EKA26L76FVK2SNAJ"
          },
          "sensitive_attributes": [],
          "identity_schema_version": 0,
          "private": "bnVsbA==",
          "dependencies": [
            "aws_iam_role.ec2_role"
          ]
        }
      ]
    },
    {
      "mode": "managed",
      "type": "aws_iam_policy",
      "name": "ec2_policy",
      "provider": "provider[\"registry.terraform.io/hashicorp/aws\"]",
      "instances": [
        {
          "schema_version": 0,
          "attributes": {
            "arn": "arn:aws:iam::833896510207:policy/smartcloudops-ai-ec2-policy",
            "attachment_count": 1,
            "description": "",
            "id": "arn:aws:iam::833896510207:policy/smartcloudops-ai-ec2-policy",
            "name": "smartcloudops-ai-ec2-policy",
            "name_prefix": "",
            "path": "/",
            "policy": "{\"Statement\":[{\"Action\":[\"s3:GetObject\",\"s3:PutObject\",\"s3:DeleteObject\",\"s3:ListBucket\"],\"Effect\":\"Allow\",\"Resource\":[\"arn:aws:s3:::smartcloudops-ai-ml-models-aa7be1e7\",\"arn:aws:s3:::smartcloudops-ai-ml-models-aa7be1e7/*\",\"arn:aws:s3:::smartcloudops-ai-logs-aa7be1e7\",\"arn:aws:s3:::smartcloudops-ai-logs-aa7be1e7/*\"]},{\"Action\":[\"cloudwatch:PutMetricData\",\"logs:CreateLogGroup\",\"logs:CreateLogStream\",\"logs:PutLogEvents\"],\"Effect\":\"Allow\",\"Resource\":\"*\"}],\"Version\":\"2012-10-17\"}",
            "policy_id": "ANPA4EKA26L7S3A35GDYP",
            "tags": {},
            "tags_all": {}
          },
          "sensitive_attributes": [],
          "identity_schema_version": 0,
          "private": "bnVsbA==",
          "dependencies": [
            "aws_s3_bucket.logs",
            "aws_s3_bucket.ml_models",
            "random_id.bucket_suffix"
          ]
        }
      ]
    },
    {
      "mode": "managed",
      "type": "aws_iam_policy",
      "name": "secrets_access_policy",
      "provider": "provider[\"registry.terraform.io/hashicorp/aws\"]",
      "instances": [
        {
          "index_key": 0,
          "schema_version": 0,
          "attributes": {
            "arn": "arn:aws:iam::833896510207:policy/smartcloudops-ai-secrets-access-policy",
            "attachment_count": 0,
            "description": "Policy for accessing SmartCloudOps AI secrets",
            "id": "arn:aws:iam::833896510207:policy/smartcloudops-ai-secrets-access-policy",
            "name": "smartcloudops-ai-secrets-access-policy",
            "name_prefix": "",
            "path": "/",
            "policy": "{\"Statement\":[{\"Action\":[\"secretsmanager:GetSecretValue\",\"secretsmanager:DescribeSecret\"],\"Effect\":\"Allow\",\"Resource\":[\"arn:aws:secretsmanager:us-east-1:833896510207:secret:smartcloudops-ai/openai/api-key-eVPmyN\",\"arn:aws:secretsmanager:us-east-1:833896510207:secret:smartcloudops-ai/gemini/api-key-zWRGNE\",\"arn:aws:secretsmanager:us-east-1:833896510207:secret:smartcloudops-ai/app/api-keys-db-w2uaNH\",\"arn:aws:secretsmanager:us-east-1:833896510207:secret:smartcloudops-ai/database/credentials-h0h5XG\"]},{\"Action\":[\"secretsmanager:ListSecrets\"],\"Condition\":{\"StringLike\":{\"secretsmanager:Name\":\"smartcloudops-ai/*\"}},\"Effect\":\"Allow\",\"Resource\":\"*\"}],\"Version\":\"2012-10-17\"}",
            "policy_id": "ANPA4EKA26L77FNAFZDY4",
            "tags": null,
            "tags_all": {}
          },
          "sensitive_attributes": [],
          "identity_schema_version": 0,
          "private": "bnVsbA==",
          "dependencies": [
            "aws_secretsmanager_secret.app_api_keys",
            "aws_secretsmanager_secret.database_credentials",
            "aws_secretsmanager_secret.gemini_api_key",
            "aws_secretsmanager_secret.openai_api_key"
          ]
        }
      ]
    },
    {
      "mode": "managed",
      "type": "aws_iam_role",
      "name": "ec2_role",
      "provider": "provider[\"registry.terraform.io/hashicorp/aws\"]",
      "instances": [
        {
          "schema_version": 0,
          "attributes": {
            "arn": "arn:aws:iam::833896510207:role/smartcloudops-ai-ec2-role",
            "assume_role_policy": "{\"Statement\":[{\"Action\":\"sts:AssumeRole\",\"Effect\":\"Allow\",\"Principal\":{\"Service\":\"ec2.amazonaws.com\"}}],\"Version\":\"2012-10-17\"}",
            "create_date": "2025-08-04T17:13:19Z",
            "description": "",
            "force_detach_policies": false,
            "id": "smartcloudops-ai-ec2-role",
            "inline_policy": [],
            "managed_policy_arns": [
              "arn:aws:iam::833896510207:policy/smartcloudops-ai-ec2-policy"
            ],
            "max_session_duration": 3600,
            "name": "smartcloudops-ai-ec2-role",
            "name_prefix": "",
            "path": "/",
            "permissions_boundary": "",
            "tags": {},
            "tags_all": {},
            "unique_id": "AROA4EKA26L7ROMTWMLXU"
          },
          "sensitive_attributes": [],
          "identity_schema_version": 0,
          "private": "bnVsbA=="
        }
      ]
    },
    {
      "mode": "managed",
      "type": "aws_iam_role",
      "name": "flow_log_role",
      "provider": "provider[\"registry.terraform.io/hashicorp/aws\"]",
      "instances": [
        {
          "index_key": 0,
          "schema_version": 0,
          "attributes": {
            "arn": "arn:aws:iam::833896510207:role/smartcloudops-ai-flow-log-role",
            "assume_role_policy": "{\"Statement\":[{\"Action\":\"sts:AssumeRole\",\"Effect\":\"Allow\",\"Principal\":{\"Service\":\"vpc-flow-logs.amazonaws.com\"}}],\"Version\":\"2012-10-17\"}",
            "create_date": "2025-08-08T18:30:52Z",
            "description": "",
            "force_detach_policies": false,
            "id": "smartcloudops-ai-flow-log-role",
            "inline_policy": [],
            "managed_policy_arns": [],
            "max_session_duration": 3600,
            "name": "smartcloudops-ai-flow-log-role",
            "name_prefix": "",
            "path": "/",
            "permissions_boundary": "",
            "tags": null,
            "tags_all": {},
            "unique_id": "AROA4EKA26L7QCQSFZTU7"
          },
          "sensitive_attributes": [],
          "identity_schema_version": 0,
          "private": "bnVsbA=="
        }
      ]
    },
    {
      "mode": "managed",
      "type": "aws_iam_role",
      "name": "secrets_access_role",
      "provider": "provider[\"registry.terraform.io/hashicorp/aws\"]",
      "instances": [
        {
          "index_key": 0,
          "schema_version": 0,
          "attributes": {
            "arn": "arn:aws:iam::833896510207:role/smartcloudops-ai-secrets-access-role",
            "assume_role_policy": "{\"Statement\":[{\"Action\":\"sts:AssumeRole\",\"Effect\":\"Allow\",\"Principal\":{\"Service\":\"ec2.amazonaws.com\"}}],\"Version\":\"2012-10-17\"}",
            "create_date": "2025-08-08T18:30:52Z",
            "description": "",
            "force_detach_policies": false,
            "id": "smartcloudops-ai-secrets-access-role",
            "inline_policy": [],
            "managed_policy_arns": [],
            "max_session_duration": 3600,
            "name": "smartcloudops-ai-secrets-access-role",
            "name_prefix": "",
            "path": "/",
            "permissions_boundary": "",
            "tags": {
              "Environment": "production",
              "Name": "smartcloudops-ai-secrets-role"
            },
            "tags_all": {
              "Environment": "production",
              "Name": "smartcloudops-ai-secrets-role"
            },
            "unique_id": "AROA4EKA26L76LIAR3CSM"
          },
          "sensitive_attributes": [],
          "identity_schema_version": 0,
          "private": "bnVsbA=="
        }
      ]
    },
    {
      "mode": "managed",
      "type": "aws_iam_role_policy",
      "name": "flow_log_policy",
      "provider": "provider[\"registry.terraform.io/hashicorp/aws\"]",
      "instances": [
        {
          "index_key": 0,
          "schema_version": 0,
          "attributes": {
            "id": "smartcloudops-ai-flow-log-role:smartcloudops-ai-flow-log-policy",
            "name": "smartcloudops-ai-flow-log-policy",
            "name_prefix": "",
            "policy": "{\"Version\":\"2012-10-17\",\"Statement\":[{\"Action\":[\"logs:CreateLogGroup\",\"logs:CreateLogStream\",\"logs:PutLogEvents\",\"logs:DescribeLogGroups\",\"logs:DescribeLogStreams\"],\"Effect\":\"Allow\",\"Resource\":\"*\"}]}",
            "role": "smartcloudops-ai-flow-log-role"
          },
          "sensitive_attributes": [],
          "identity_schema_version": 0,
          "private": "bnVsbA==",
          "dependencies": [
            "aws_iam_role.flow_log_role"
          ]
        }
      ]
    },
    {
      "mode": "managed",
      "type": "aws_iam_role_policy_attachment",
      "name": "ec2_policy",
      "provider": "provider[\"registry.terraform.io/hashicorp/aws\"]",
      "instances": [
        {
          "schema_version": 0,
          "attributes": {
            "id": "smartcloudops-ai-ec2-role-20250804171327960200000001",
            "policy_arn": "arn:aws:iam::833896510207:policy/smartcloudops-ai-ec2-policy",
            "role": "smartcloudops-ai-ec2-role"
          },
          "sensitive_attributes": [],
          "identity_schema_version": 0,
          "private": "bnVsbA==",
          "dependencies": [
            "aws_iam_policy.ec2_policy",
            "aws_iam_role.ec2_role",
            "aws_s3_bucket.logs",
            "aws_s3_bucket.ml_models",
            "random_id.bucket_suffix"
          ]
        }
      ]
    },
    {
      "mode": "managed",
      "type": "aws_iam_role_policy_attachment",
      "name": "secrets_policy_attachment",
      "provider": "provider[\"registry.terraform.io/hashicorp/aws\"]",
      "instances": [
        {
          "index_key": 0,
          "schema_version": 0,
          "attributes": {
            "id": "smartcloudops-ai-ec2-role-20250808183055454200000006",
            "policy_arn": "arn:aws:iam::833896510207:policy/smartcloudops-ai-secrets-access-policy",
            "role": "smartcloudops-ai-ec2-role"
          },
          "sensitive_attributes": [],
          "identity_schema_version": 0,
          "private": "bnVsbA==",
          "dependencies": [
            "aws_iam_policy.secrets_access_policy",
            "aws_iam_role.ec2_role",
            "aws_secretsmanager_secret.app_api_keys",
            "aws_secretsmanager_secret.database_credentials",
            "aws_secretsmanager_secret.gemini_api_key",
            "aws_secretsmanager_secret.openai_api_key"
          ]
        }
      ]
    },
    {
      "mode": "managed",
      "type": "aws_instance",
      "name": "application",
      "provider": "provider[\"registry.terraform.io/hashicorp/aws\"]",
      "instances": [
        {
          "schema_version": 1,
          "attributes": {
            "ami": "ami-0c12c782c6284b66c",
            "arn": "arn:aws:ec2:us-east-1:833896510207:instance/i-05f870c19ea0d2452",
            "associate_public_ip_address": true,
            "availability_zone": "us-east-1b",
            "capacity_reservation_specification": [
              {
                "capacity_reservation_preference": "open",
                "capacity_reservation_target": []
              }
            ],
            "cpu_core_count": 1,
            "cpu_options": [
              {
                "amd_sev_snp": "",
                "core_count": 1,
                "threads_per_core": 1
              }
            ],
            "cpu_threads_per_core": 1,
            "credit_specification": [
              {
                "cpu_credits": "standard"
              }
            ],
            "disable_api_stop": false,
            "disable_api_termination": false,
            "ebs_block_device": [],
            "ebs_optimized": false,
            "enable_primary_ipv6": null,
            "enclave_options": [
              {
                "enabled": false
              }
            ],
            "ephemeral_block_device": [],
            "get_password_data": false,
            "hibernation": false,
            "host_id": "",
            "host_resource_group_arn": null,
            "iam_instance_profile": "smartcloudops-ai-ec2-profile",
            "id": "i-05f870c19ea0d2452",
            "instance_initiated_shutdown_behavior": "stop",
            "instance_lifecycle": "",
            "instance_market_options": [],
            "instance_state": "running",
            "instance_type": "t2.micro",
            "ipv6_address_count": 0,
            "ipv6_addresses": [],
            "key_name": "smartcloudops-ai-keypair",
            "launch_template": [],
            "maintenance_options": [
              {
                "auto_recovery": "default"
              }
            ],
            "metadata_options": [
              {
                "http_endpoint": "enabled",
                "http_protocol_ipv6": "disabled",
                "http_put_response_hop_limit": 1,
                "http_tokens": "optional",
                "instance_metadata_tags": "disabled"
              }
            ],
            "monitoring": false,
            "network_interface": [],
            "outpost_arn": "",
            "password_data": "",
            "placement_group": "",
            "placement_partition_number": 0,
            "primary_network_interface_id": "eni-0223f11dc1c8c605a",
            "private_dns": "ip-10-0-2-251.ec2.internal",
            "private_dns_name_options": [
              {
                "enable_resource_name_dns_a_record": false,
                "enable_resource_name_dns_aaaa_record": false,
                "hostname_type": "ip-name"
              }
            ],
            "private_ip": "10.0.2.251",
            "public_dns": "ec2-44-200-14-5.compute-1.amazonaws.com",
            "public_ip": "44.200.14.5",
            "root_block_device": [
              {
                "delete_on_termination": true,
                "device_name": "/dev/xvda",
                "encrypted": false,
                "iops": 100,
                "kms_key_id": "",
                "tags": {},
                "tags_all": {},
                "throughput": 0,
                "volume_id": "vol-0196fd672edb74450",
                "volume_size": 8,
                "volume_type": "gp2"
              }
            ],
            "secondary_private_ips": [],
            "security_groups": [],
            "source_dest_check": true,
            "spot_instance_request_id": "",
            "subnet_id": "subnet-030091d41c99c1613",
            "tags": {
              "Name": "smartcloudops-ai-application",
              "Type": "application"
            },
            "tags_all": {
              "Name": "smartcloudops-ai-application",
              "Type": "application"
            },
            "tenancy": "default",
            "timeouts": null,
            "user_data": "fd45bcb6f17388b3a4885207f387c378b08a3870",
            "user_data_base64": null,
            "user_data_replace_on_change": true,
            "volume_tags": null,
            "vpc_security_group_ids": [
              "sg-0ece6fb5b28079e9c"
            ]
          },
          "sensitive_attributes": [],
          "identity_schema_version": 0,
          "private": "eyJlMmJmYjczMC1lY2FhLTExZTYtOGY4OC0zNDM2M2JjN2M0YzAiOnsiY3JlYXRlIjo2MDAwMDAwMDAwMDAsImRlbGV0ZSI6MTIwMDAwMDAwMDAwMCwicmVhZCI6OTAwMDAwMDAwMDAwLCJ1cGRhdGUiOjYwMDAwMDAwMDAwMH0sInNjaGVtYV92ZXJzaW9uIjoiMSJ9",
          "dependencies": [
            "aws_iam_instance_profile.ec2_profile",
            "aws_iam_role.ec2_role",
            "aws_instance.monitoring",
            "aws_key_pair.main",
            "aws_s3_bucket.ml_models",
            "aws_security_group.application",
            "aws_security_group.monitoring",
            "aws_subnet.public_1",
            "aws_subnet.public_2",
            "aws_vpc.main",
            "data.aws_ami.amazon_linux",
            "data.aws_availability_zones.available",
            "random_id.bucket_suffix"
          ]
        }
      ]
    },
    {
      "mode": "managed",
      "type": "aws_instance",
      "name": "monitoring",
      "provider": "provider[\"registry.terraform.io/hashicorp/aws\"]",
      "instances": [
        {
          "schema_version": 1,
          "attributes": {
            "ami": "ami-0c12c782c6284b66c",
            "arn": "arn:aws:ec2:us-east-1:833896510207:instance/i-03ae77a7957752574",
            "associate_public_ip_address": true,
            "availability_zone": "us-east-1a",
            "capacity_reservation_specification": [
              {
                "capacity_reservation_preference": "open",
                "capacity_reservation_target": []
              }
            ],
            "cpu_core_count": 1,
            "cpu_options": [
              {
                "amd_sev_snp": "",
                "core_count": 1,
                "threads_per_core": 1
              }
            ],
            "cpu_threads_per_core": 1,
            "credit_specification": [
              {
                "cpu_credits": "standard"
              }
            ],
            "disable_api_stop": false,
            "disable_api_termination": false,
            "ebs_block_device": [],
            "ebs_optimized": false,
            "enable_primary_ipv6": null,
            "enclave_options": [
              {
                "enabled": false
              }
            ],
            "ephemeral_block_device": [],
            "get_password_data": false,
            "hibernation": false,
            "host_id": "",
            "host_resource_group_arn": null,
            "iam_instance_profile": "smartcloudops-ai-ec2-profile",
            "id": "i-03ae77a7957752574",
            "instance_initiated_shutdown_behavior": "stop",
            "instance_lifecycle": "",
            "instance_market_options": [],
            "instance_state": "running",
            "instance_type": "t2.micro",
            "ipv6_address_count": 0,
            "ipv6_addresses": [],
            "key_name": "smartcloudops-ai-keypair",
            "launch_template": [],
            "maintenance_options": [
              {
                "auto_recovery": "default"
              }
            ],
            "metadata_options": [
              {
                "http_endpoint": "enabled",
                "http_protocol_ipv6": "disabled",
                "http_put_response_hop_limit": 1,
                "http_tokens": "optional",
                "instance_metadata_tags": "disabled"
              }
            ],
            "monitoring": false,
            "network_interface": [],
            "outpost_arn": "",
            "password_data": "",
            "placement_group": "",
            "placement_partition_number": 0,
            "primary_network_interface_id": "eni-03d04b00afa89361a",
            "private_dns": "ip-10-0-1-225.ec2.internal",
            "private_dns_name_options": [
              {
                "enable_resource_name_dns_a_record": false,
                "enable_resource_name_dns_aaaa_record": false,
                "hostname_type": "ip-name"
              }
            ],
            "private_ip": "10.0.1.225",
            "public_dns": "ec2-23-20-101-112.compute-1.amazonaws.com",
            "public_ip": "23.20.101.112",
            "root_block_device": [
              {
                "delete_on_termination": true,
                "device_name": "/dev/xvda",
                "encrypted": false,
                "iops": 100,
                "kms_key_id": "",
                "tags": {},
                "tags_all": {},
                "throughput": 0,
                "volume_id": "vol-0ddbcfda477ea978a",
                "volume_size": 8,
                "volume_type": "gp2"
              }
            ],
            "secondary_private_ips": [],
            "security_groups": [],
            "source_dest_check": true,
            "spot_instance_request_id": "",
            "subnet_id": "subnet-02b9be69811d7556e",
            "tags": {
              "Name": "smartcloudops-ai-monitoring",
              "Type": "monitoring"
            },
            "tags_all": {
              "Name": "smartcloudops-ai-monitoring",
              "Type": "monitoring"
            },
            "tenancy": "default",
            "timeouts": null,
            "user_data": "91455dfc4fb234259f86efa3f4874839d8a18a6f",
            "user_data_base64": null,
            "user_data_replace_on_change": true,
            "volume_tags": null,
            "vpc_security_group_ids": [
              "sg-05fbf3caecebdc008"
            ]
          },
          "sensitive_attributes": [],
          "identity_schema_version": 0,
          "private": "eyJlMmJmYjczMC1lY2FhLTExZTYtOGY4OC0zNDM2M2JjN2M0YzAiOnsiY3JlYXRlIjo2MDAwMDAwMDAwMDAsImRlbGV0ZSI6MTIwMDAwMDAwMDAwMCwicmVhZCI6OTAwMDAwMDAwMDAwLCJ1cGRhdGUiOjYwMDAwMDAwMDAwMH0sInNjaGVtYV92ZXJzaW9uIjoiMSJ9",
          "dependencies": [
            "aws_iam_instance_profile.ec2_profile",
            "aws_iam_role.ec2_role",
            "aws_key_pair.main",
            "aws_security_group.monitoring",
            "aws_subnet.public_1",
            "aws_vpc.main",
            "data.aws_ami.amazon_linux",
            "data.aws_availability_zones.available"
          ]
        }
      ]
    },
    {
      "mode": "managed",
      "type": "aws_internet_gateway",
      "name": "main",
      "provider": "provider[\"registry.terraform.io/hashicorp/aws\"]",
      "instances": [
        {
          "schema_version": 0,
          "attributes": {
            "arn": "arn:aws:ec2:us-east-1:833896510207:internet-gateway/igw-051909f8ac0bb70b0",
            "id": "igw-051909f8ac0bb70b0",
            "owner_id": "833896510207",
            "tags": {
              "Name": "smartcloudops-ai-igw"
            },
            "tags_all": {
              "Name": "smartcloudops-ai-igw"
            },
            "timeouts": null,
            "vpc_id": "vpc-04f03b2228fe585e6"
          },
          "sensitive_attributes": [],
          "identity_schema_version": 0,
          "private": "eyJlMmJmYjczMC1lY2FhLTExZTYtOGY4OC0zNDM2M2JjN2M0YzAiOnsiY3JlYXRlIjoxMjAwMDAwMDAwMDAwLCJkZWxldGUiOjEyMDAwMDAwMDAwMDAsInVwZGF0ZSI6MTIwMDAwMDAwMDAwMH19",
          "dependencies": [
            "aws_vpc.main"
          ]
        }
      ]
    },
    {
      "mode": "managed",
      "type": "aws_key_pair",
      "name": "main",
      "provider": "provider[\"registry.terraform.io/hashicorp/aws\"]",
      "instances": [
        {
          "schema_version": 1,
          "attributes": {
            "arn": "arn:aws:ec2:us-east-1:833896510207:key-pair/smartcloudops-ai-keypair",
            "fingerprint": "f4:64:0c:d9:8e:83:4c:a5:88:a3:37:af:b4:03:ad:21",
            "id": "smartcloudops-ai-keypair",
            "key_name": "smartcloudops-ai-keypair",
            "key_name_prefix": "",
            "key_pair_id": "key-01f4d68b2b473607e",
            "key_type": "rsa",
            "public_key": "ssh-rsa AAAAB3NzaC1yc2EAAAADAQABAAACAQDKxBAiQLVq+M1pKlWW0HIcOItBUfSRjhyLPioR+xU0ndvwqmMIG0A5HO2/lBWr/ICIECm+46eRDsvxC3cz49Vw7J82a1lFquBtr1xhFJYBg5N/nLjGlw73c2HFzlOVmhNZXU/rT5s5EJgokkgKHgw/9/PiRRuuMizrsYMWturjLpa5d9elvr+xeHlGIqH+VEZbxG6+fsN2Yt1a9n5X/l+VznZcoA05Ml6luD6BRiLWmjhj5oClvO/cKhRttSspOqW9e3rHJzh23fsMqPmd2Ykl/kI4tXExBIt/DTu2f0bd4V3A6ydTFsGXJ8p0zfV9USwoeBekgzsPdOGqeu6+b7kKNsiVFMSsnc6TU7i1F76VGYGYFR85uXptw/hCJ//KKUkRexmxkwTF36IzGN/WYNJrBaDDqQSxTCiEQB4eFaAgAcsNc6TxAquhZVBHWwQA3W8DpBkSgXeTxCmCJ8icZ4hIgg0VqUzNUvHZwkQF6BjPl8e8jl//Dx5DxYS/uSMMefq0SM0egcNNFtOSBrAyDEkhscZyGBwlCmzcfDgVi9bGsEjAlLqQF3GCX1JGm5Z9PbYipEe1br/4Mv5qvDqqA1MpkQpVxFsOupFPIQReY+iB6KvvdrJz/02q0A6JIS31YWJ6qVfMcqtQfT0tzJwyphOullNy9VBrHOlkePtWLOzGSQ== smartcloudops-ai-20250808",
            "tags": {
              "Name": "smartcloudops-ai-keypair"
            },
            "tags_all": {
              "Name": "smartcloudops-ai-keypair"
            }
          },
          "sensitive_attributes": [],
          "identity_schema_version": 0,
          "private": "eyJzY2hlbWFfdmVyc2lvbiI6IjEifQ=="
        }
      ]
    },
    {
      "mode": "managed",
      "type": "aws_lb",
      "name": "main",
      "provider": "provider[\"registry.terraform.io/hashicorp/aws\"]",
      "instances": []
    },
    {
      "mode": "managed",
      "type": "aws_lb_listener",
      "name": "http_redirect",
      "provider": "provider[\"registry.terraform.io/hashicorp/aws\"]",
      "instances": []
    },
    {
      "mode": "managed",
      "type": "aws_lb_listener",
      "name": "https",
      "provider": "provider[\"registry.terraform.io/hashicorp/aws\"]",
      "instances": []
    },
    {
      "mode": "managed",
      "type": "aws_lb_target_group",
      "name": "app",
      "provider": "provider[\"registry.terraform.io/hashicorp/aws\"]",
      "instances": []
    },
    {
      "mode": "managed",
      "type": "aws_route_table",
      "name": "public",
      "provider": "provider[\"registry.terraform.io/hashicorp/aws\"]",
      "instances": [
        {
          "schema_version": 0,
          "attributes": {
            "arn": "arn:aws:ec2:us-east-1:833896510207:route-table/rtb-04feacef5f233a28f",
            "id": "rtb-04feacef5f233a28f",
            "owner_id": "833896510207",
            "propagating_vgws": [],
            "route": [
              {
                "carrier_gateway_id": "",
                "cidr_block": "0.0.0.0/0",
                "core_network_arn": "",
                "destination_prefix_list_id": "",
                "egress_only_gateway_id": "",
                "gateway_id": "igw-051909f8ac0bb70b0",
                "ipv6_cidr_block": "",
                "local_gateway_id": "",
                "nat_gateway_id": "",
                "network_interface_id": "",
                "transit_gateway_id": "",
                "vpc_endpoint_id": "",
                "vpc_peering_connection_id": ""
              }
            ],
            "tags": {
              "Name": "smartcloudops-ai-public-rt"
            },
            "tags_all": {
              "Name": "smartcloudops-ai-public-rt"
            },
            "timeouts": null,
            "vpc_id": "vpc-04f03b2228fe585e6"
          },
          "sensitive_attributes": [],
          "identity_schema_version": 0,
          "private": "eyJlMmJmYjczMC1lY2FhLTExZTYtOGY4OC0zNDM2M2JjN2M0YzAiOnsiY3JlYXRlIjozMDAwMDAwMDAwMDAsImRlbGV0ZSI6MzAwMDAwMDAwMDAwLCJ1cGRhdGUiOjEyMDAwMDAwMDAwMH19",
          "dependencies": [
            "aws_internet_gateway.main",
            "aws_vpc.main"
          ]
        }
      ]
    },
    {
      "mode": "managed",
      "type": "aws_route_table_association",
      "name": "public_1",
      "provider": "provider[\"registry.terraform.io/hashicorp/aws\"]",
      "instances": [
        {
          "schema_version": 0,
          "attributes": {
            "gateway_id": "",
            "id": "rtbassoc-0462d10239a38afba",
            "route_table_id": "rtb-04feacef5f233a28f",
            "subnet_id": "subnet-02b9be69811d7556e",
            "timeouts": null
          },
          "sensitive_attributes": [],
          "identity_schema_version": 0,
          "private": "eyJlMmJmYjczMC1lY2FhLTExZTYtOGY4OC0zNDM2M2JjN2M0YzAiOnsiY3JlYXRlIjozMDAwMDAwMDAwMDAsImRlbGV0ZSI6MzAwMDAwMDAwMDAwLCJ1cGRhdGUiOjEyMDAwMDAwMDAwMH19",
          "dependencies": [
            "aws_internet_gateway.main",
            "aws_route_table.public",
            "aws_subnet.public_1",
            "aws_vpc.main",
            "data.aws_availability_zones.available"
          ]
        }
      ]
    },
    {
      "mode": "managed",
      "type": "aws_route_table_association",
      "name": "public_2",
      "provider": "provider[\"registry.terraform.io/hashicorp/aws\"]",
      "instances": [
        {
          "schema_version": 0,
          "attributes": {
            "gateway_id": "",
            "id": "rtbassoc-0abc3a219672bc558",
            "route_table_id": "rtb-04feacef5f233a28f",
            "subnet_id": "subnet-030091d41c99c1613",
            "timeouts": null
          },
          "sensitive_attributes": [],
          "identity_schema_version": 0,
          "private": "eyJlMmJmYjczMC1lY2FhLTExZTYtOGY4OC0zNDM2M2JjN2M0YzAiOnsiY3JlYXRlIjozMDAwMDAwMDAwMDAsImRlbGV0ZSI6MzAwMDAwMDAwMDAwLCJ1cGRhdGUiOjEyMDAwMDAwMDAwMH19",
          "dependencies": [
            "aws_internet_gateway.main",
            "aws_route_table.public",
            "aws_subnet.public_2",
            "aws_vpc.main",
            "data.aws_availability_zones.available"
          ]
        }
      ]
    },
    {
      "mode": "managed",
      "type": "aws_s3_bucket",
      "name": "alb_logs",
      "provider": "provider[\"registry.terraform.io/hashicorp/aws\"]",
      "instances": []
    },
    {
      "mode": "managed",
      "type": "aws_s3_bucket",
      "name": "cloudtrail_logs",
      "provider": "provider[\"registry.terraform.io/hashicorp/aws\"]",
      "instances": [
        {
          "index_key": 0,
          "schema_version": 0,
          "attributes": {
            "acceleration_status": "",
            "acl": null,
            "arn": "arn:aws:s3:::smartcloudops-ai-cloudtrail-logs-n3vmxiko",
            "bucket": "smartcloudops-ai-cloudtrail-logs-n3vmxiko",
            "bucket_domain_name": "smartcloudops-ai-cloudtrail-logs-n3vmxiko.s3.amazonaws.com",
            "bucket_prefix": "",
            "bucket_regional_domain_name": "smartcloudops-ai-cloudtrail-logs-n3vmxiko.s3.us-east-1.amazonaws.com",
            "cors_rule": [],
            "force_destroy": false,
            "grant": [
              {
                "id": "9ed4fb58e273ad5bf296a96a4ece76388348d4c5e32ead6f060e2e85a36a9ba7",
                "permissions": [
                  "FULL_CONTROL"
                ],
                "type": "CanonicalUser",
                "uri": ""
              }
            ],
            "hosted_zone_id": "Z3AQBSTGFYJSTF",
            "id": "smartcloudops-ai-cloudtrail-logs-n3vmxiko",
            "lifecycle_rule": [],
            "logging": [],
            "object_lock_configuration": [],
            "object_lock_enabled": false,
            "policy": "",
            "region": "us-east-1",
            "replication_configuration": [],
            "request_payer": "BucketOwner",
            "server_side_encryption_configuration": [
              {
                "rule": [
                  {
                    "apply_server_side_encryption_by_default": [
                      {
                        "kms_master_key_id": "",
                        "sse_algorithm": "AES256"
                      }
                    ],
                    "bucket_key_enabled": false
                  }
                ]
              }
            ],
            "tags": {
              "Environment": "production",
              "Name": "smartcloudops-ai-cloudtrail-logs",
              "Purpose": "CloudTrail audit logs"
            },
            "tags_all": {
              "Environment": "production",
              "Name": "smartcloudops-ai-cloudtrail-logs",
              "Purpose": "CloudTrail audit logs"
            },
            "timeouts": null,
            "versioning": [
              {
                "enabled": false,
                "mfa_delete": false
              }
            ],
            "website": [],
            "website_domain": null,
            "website_endpoint": null
          },
          "sensitive_attributes": [],
          "identity_schema_version": 0,
          "private": "eyJlMmJmYjczMC1lY2FhLTExZTYtOGY4OC0zNDM2M2JjN2M0YzAiOnsiY3JlYXRlIjoxMjAwMDAwMDAwMDAwLCJkZWxldGUiOjM2MDAwMDAwMDAwMDAsInJlYWQiOjEyMDAwMDAwMDAwMDAsInVwZGF0ZSI6MTIwMDAwMDAwMDAwMH19",
          "dependencies": [
            "random_string.cloudtrail_suffix"
          ]
        }
      ]
    },
    {
      "mode": "managed",
      "type": "aws_s3_bucket",
      "name": "logs",
      "provider": "provider[\"registry.terraform.io/hashicorp/aws\"]",
      "instances": [
        {
          "schema_version": 0,
          "attributes": {
            "acceleration_status": "",
            "acl": null,
            "arn": "arn:aws:s3:::smartcloudops-ai-logs-aa7be1e7",
            "bucket": "smartcloudops-ai-logs-aa7be1e7",
            "bucket_domain_name": "smartcloudops-ai-logs-aa7be1e7.s3.amazonaws.com",
            "bucket_prefix": "",
            "bucket_regional_domain_name": "smartcloudops-ai-logs-aa7be1e7.s3.us-east-1.amazonaws.com",
            "cors_rule": [],
            "force_destroy": false,
            "grant": [
              {
                "id": "9ed4fb58e273ad5bf296a96a4ece76388348d4c5e32ead6f060e2e85a36a9ba7",
                "permissions": [
                  "FULL_CONTROL"
                ],
                "type": "CanonicalUser",
                "uri": ""
              }
            ],
            "hosted_zone_id": "Z3AQBSTGFYJSTF",
            "id": "smartcloudops-ai-logs-aa7be1e7",
            "lifecycle_rule": [],
            "logging": [],
            "object_lock_configuration": [],
            "object_lock_enabled": false,
            "policy": "",
            "region": "us-east-1",
            "replication_configuration": [],
            "request_payer": "BucketOwner",
            "server_side_encryption_configuration": [
              {
                "rule": [
                  {
                    "apply_server_side_encryption_by_default": [
                      {
                        "kms_master_key_id": "",
                        "sse_algorithm": "AES256"
                      }
                    ],
                    "bucket_key_enabled": false
                  }
                ]
              }
            ],
            "tags": {
              "Name": "smartcloudops-ai-logs"
            },
            "tags_all": {
              "Name": "smartcloudops-ai-logs"
            },
            "timeouts": null,
            "versioning": [
              {
                "enabled": true,
                "mfa_delete": false
              }
            ],
            "website": [],
            "website_domain": null,
            "website_endpoint": null
          },
          "sensitive_attributes": [],
          "identity_schema_version": 0,
          "private": "eyJlMmJmYjczMC1lY2FhLTExZTYtOGY4OC0zNDM2M2JjN2M0YzAiOnsiY3JlYXRlIjoxMjAwMDAwMDAwMDAwLCJkZWxldGUiOjM2MDAwMDAwMDAwMDAsInJlYWQiOjEyMDAwMDAwMDAwMDAsInVwZGF0ZSI6MTIwMDAwMDAwMDAwMH19",
          "dependencies": [
            "random_id.bucket_suffix"
          ]
        }
      ]
    },
    {
      "mode": "managed",
      "type": "aws_s3_bucket",
      "name": "ml_models",
      "provider": "provider[\"registry.terraform.io/hashicorp/aws\"]",
      "instances": [
        {
          "schema_version": 0,
          "attributes": {
            "acceleration_status": "",
            "acl": null,
            "arn": "arn:aws:s3:::smartcloudops-ai-ml-models-aa7be1e7",
            "bucket": "smartcloudops-ai-ml-models-aa7be1e7",
            "bucket_domain_name": "smartcloudops-ai-ml-models-aa7be1e7.s3.amazonaws.com",
            "bucket_prefix": "",
            "bucket_regional_domain_name": "smartcloudops-ai-ml-models-aa7be1e7.s3.us-east-1.amazonaws.com",
            "cors_rule": [],
            "force_destroy": false,
            "grant": [
              {
                "id": "9ed4fb58e273ad5bf296a96a4ece76388348d4c5e32ead6f060e2e85a36a9ba7",
                "permissions": [
                  "FULL_CONTROL"
                ],
                "type": "CanonicalUser",
                "uri": ""
              }
            ],
            "hosted_zone_id": "Z3AQBSTGFYJSTF",
            "id": "smartcloudops-ai-ml-models-aa7be1e7",
            "lifecycle_rule": [],
            "logging": [],
            "object_lock_configuration": [],
            "object_lock_enabled": false,
            "policy": "",
            "region": "us-east-1",
            "replication_configuration": [],
            "request_payer": "BucketOwner",
            "server_side_encryption_configuration": [
              {
                "rule": [
                  {
                    "apply_server_side_encryption_by_default": [
                      {
                        "kms_master_key_id": "",
                        "sse_algorithm": "AES256"
                      }
                    ],
                    "bucket_key_enabled": false
                  }
                ]
              }
            ],
            "tags": {
              "Name": "smartcloudops-ai-ml-models"
            },
            "tags_all": {
              "Name": "smartcloudops-ai-ml-models"
            },
            "timeouts": null,
            "versioning": [
              {
                "enabled": true,
                "mfa_delete": false
              }
            ],
            "website": [],
            "website_domain": null,
            "website_endpoint": null
          },
          "sensitive_attributes": [],
          "identity_schema_version": 0,
          "private": "eyJlMmJmYjczMC1lY2FhLTExZTYtOGY4OC0zNDM2M2JjN2M0YzAiOnsiY3JlYXRlIjoxMjAwMDAwMDAwMDAwLCJkZWxldGUiOjM2MDAwMDAwMDAwMDAsInJlYWQiOjEyMDAwMDAwMDAwMDAsInVwZGF0ZSI6MTIwMDAwMDAwMDAwMH19",
          "dependencies": [
            "random_id.bucket_suffix"
          ]
        }
      ]
    },
    {
      "mode": "managed",
      "type": "aws_s3_bucket_policy",
      "name": "alb_logs",
      "provider": "provider[\"registry.terraform.io/hashicorp/aws\"]",
      "instances": []
    },
    {
      "mode": "managed",
      "type": "aws_s3_bucket_policy",
      "name": "cloudtrail_logs",
      "provider": "provider[\"registry.terraform.io/hashicorp/aws\"]",
      "instances": [
        {
          "index_key": 0,
          "schema_version": 0,
          "attributes": {
            "bucket": "smartcloudops-ai-cloudtrail-logs-n3vmxiko",
            "id": "smartcloudops-ai-cloudtrail-logs-n3vmxiko",
            "policy": "{\"Statement\":[{\"Action\":\"s3:GetBucketAcl\",\"Condition\":{\"StringEquals\":{\"AWS:SourceArn\":\"arn:aws:cloudtrail:us-east-1:833896510207:trail/smartcloudops-ai-cloudtrail\"}},\"Effect\":\"Allow\",\"Principal\":{\"Service\":\"cloudtrail.amazonaws.com\"},\"Resource\":\"arn:aws:s3:::smartcloudops-ai-cloudtrail-logs-n3vmxiko\",\"Sid\":\"AWSCloudTrailAclCheck\"},{\"Action\":\"s3:PutObject\",\"Condition\":{\"StringEquals\":{\"AWS:SourceArn\":\"arn:aws:cloudtrail:us-east-1:833896510207:trail/smartcloudops-ai-cloudtrail\",\"s3:x-amz-acl\":\"bucket-owner-full-control\"}},\"Effect\":\"Allow\",\"Principal\":{\"Service\":\"cloudtrail.amazonaws.com\"},\"Resource\":\"arn:aws:s3:::smartcloudops-ai-cloudtrail-logs-n3vmxiko/AWSLogs/833896510207/*\",\"Sid\":\"AWSCloudTrailWrite\"}],\"Version\":\"2012-10-17\"}"
          },
          "sensitive_attributes": [],
          "identity_schema_version": 0,
          "private": "bnVsbA==",
          "dependencies": [
            "aws_s3_bucket.cloudtrail_logs",
            "data.aws_caller_identity.current",
            "random_string.cloudtrail_suffix"
          ]
        }
      ]
    },
    {
      "mode": "managed",
      "type": "aws_s3_bucket_public_access_block",
      "name": "alb_logs",
      "provider": "provider[\"registry.terraform.io/hashicorp/aws\"]",
      "instances": []
    },
    {
      "mode": "managed",
      "type": "aws_s3_bucket_public_access_block",
      "name": "cloudtrail_logs",
      "provider": "provider[\"registry.terraform.io/hashicorp/aws\"]",
      "instances": [
        {
          "index_key": 0,
          "schema_version": 0,
          "attributes": {
            "block_public_acls": true,
            "block_public_policy": true,
            "bucket": "smartcloudops-ai-cloudtrail-logs-n3vmxiko",
            "id": "smartcloudops-ai-cloudtrail-logs-n3vmxiko",
            "ignore_public_acls": true,
            "restrict_public_buckets": true
          },
          "sensitive_attributes": [],
          "identity_schema_version": 0,
          "private": "bnVsbA==",
          "dependencies": [
            "aws_s3_bucket.cloudtrail_logs",
            "random_string.cloudtrail_suffix"
          ]
        }
      ]
    },
    {
      "mode": "managed",
      "type": "aws_s3_bucket_server_side_encryption_configuration",
      "name": "alb_logs",
      "provider": "provider[\"registry.terraform.io/hashicorp/aws\"]",
      "instances": []
    },
    {
      "mode": "managed",
      "type": "aws_s3_bucket_server_side_encryption_configuration",
      "name": "cloudtrail_logs",
      "provider": "provider[\"registry.terraform.io/hashicorp/aws\"]",
      "instances": [
        {
          "index_key": 0,
          "schema_version": 0,
          "attributes": {
            "bucket": "smartcloudops-ai-cloudtrail-logs-n3vmxiko",
            "expected_bucket_owner": "",
            "id": "smartcloudops-ai-cloudtrail-logs-n3vmxiko",
            "rule": [
              {
                "apply_server_side_encryption_by_default": [
                  {
                    "kms_master_key_id": "",
                    "sse_algorithm": "AES256"
                  }
                ],
                "bucket_key_enabled": null
              }
            ]
          },
          "sensitive_attributes": [],
          "identity_schema_version": 0,
          "private": "bnVsbA==",
          "dependencies": [
            "aws_s3_bucket.cloudtrail_logs",
            "random_string.cloudtrail_suffix"
          ]
        }
      ]
    },
    {
      "mode": "managed",
      "type": "aws_s3_bucket_server_side_encryption_configuration",
      "name": "logs",
      "provider": "provider[\"registry.terraform.io/hashicorp/aws\"]",
      "instances": [
        {
          "schema_version": 0,
          "attributes": {
            "bucket": "smartcloudops-ai-logs-aa7be1e7",
            "expected_bucket_owner": "",
            "id": "smartcloudops-ai-logs-aa7be1e7",
            "rule": [
              {
                "apply_server_side_encryption_by_default": [
                  {
                    "kms_master_key_id": "",
                    "sse_algorithm": "AES256"
                  }
                ],
                "bucket_key_enabled": false
              }
            ]
          },
          "sensitive_attributes": [],
          "identity_schema_version": 0,
          "private": "bnVsbA==",
          "dependencies": [
            "aws_s3_bucket.logs",
            "random_id.bucket_suffix"
          ]
        }
      ]
    },
    {
      "mode": "managed",
      "type": "aws_s3_bucket_server_side_encryption_configuration",
      "name": "ml_models",
      "provider": "provider[\"registry.terraform.io/hashicorp/aws\"]",
      "instances": [
        {
          "schema_version": 0,
          "attributes": {
            "bucket": "smartcloudops-ai-ml-models-aa7be1e7",
            "expected_bucket_owner": "",
            "id": "smartcloudops-ai-ml-models-aa7be1e7",
            "rule": [
              {
                "apply_server_side_encryption_by_default": [
                  {
                    "kms_master_key_id": "",
                    "sse_algorithm": "AES256"
                  }
                ],
                "bucket_key_enabled": false
              }
            ]
          },
          "sensitive_attributes": [],
          "identity_schema_version": 0,
          "private": "bnVsbA==",
          "dependencies": [
            "aws_s3_bucket.ml_models",
            "random_id.bucket_suffix"
          ]
        }
      ]
    },
    {
      "mode": "managed",
      "type": "aws_s3_bucket_versioning",
      "name": "alb_logs",
      "provider": "provider[\"registry.terraform.io/hashicorp/aws\"]",
      "instances": []
    },
    {
      "mode": "managed",
      "type": "aws_s3_bucket_versioning",
      "name": "cloudtrail_logs",
      "provider": "provider[\"registry.terraform.io/hashicorp/aws\"]",
      "instances": [
        {
          "index_key": 0,
          "schema_version": 0,
          "attributes": {
            "bucket": "smartcloudops-ai-cloudtrail-logs-n3vmxiko",
            "expected_bucket_owner": "",
            "id": "smartcloudops-ai-cloudtrail-logs-n3vmxiko",
            "mfa": null,
            "versioning_configuration": [
              {
                "mfa_delete": "",
                "status": "Enabled"
              }
            ]
          },
          "sensitive_attributes": [],
          "identity_schema_version": 0,
          "private": "bnVsbA==",
          "dependencies": [
            "aws_s3_bucket.cloudtrail_logs",
            "random_string.cloudtrail_suffix"
          ]
        }
      ]
    },
    {
      "mode": "managed",
      "type": "aws_s3_bucket_versioning",
      "name": "logs",
      "provider": "provider[\"registry.terraform.io/hashicorp/aws\"]",
      "instances": [
        {
          "schema_version": 0,
          "attributes": {
            "bucket": "smartcloudops-ai-logs-aa7be1e7",
            "expected_bucket_owner": "",
            "id": "smartcloudops-ai-logs-aa7be1e7",
            "mfa": null,
            "versioning_configuration": [
              {
                "mfa_delete": "",
                "status": "Enabled"
              }
            ]
          },
          "sensitive_attributes": [],
          "identity_schema_version": 0,
          "private": "bnVsbA==",
          "dependencies": [
            "aws_s3_bucket.logs",
            "random_id.bucket_suffix"
          ]
        }
      ]
    },
    {
      "mode": "managed",
      "type": "aws_s3_bucket_versioning",
      "name": "ml_models",
      "provider": "provider[\"registry.terraform.io/hashicorp/aws\"]",
      "instances": [
        {
          "schema_version": 0,
          "attributes": {
            "bucket": "smartcloudops-ai-ml-models-aa7be1e7",
            "expected_bucket_owner": "",
            "id": "smartcloudops-ai-ml-models-aa7be1e7",
            "mfa": null,
            "versioning_configuration": [
              {
                "mfa_delete": "",
                "status": "Enabled"
              }
            ]
          },
          "sensitive_attributes": [],
          "identity_schema_version": 0,
          "private": "bnVsbA==",
          "dependencies": [
            "aws_s3_bucket.ml_models",
            "random_id.bucket_suffix"
          ]
        }
      ]
    },
    {
      "mode": "managed",
      "type": "aws_secretsmanager_secret",
      "name": "app_api_keys",
      "provider": "provider[\"registry.terraform.io/hashicorp/aws\"]",
      "instances": [
        {
          "index_key": 0,
          "schema_version": 0,
          "attributes": {
            "arn": "arn:aws:secretsmanager:us-east-1:833896510207:secret:smartcloudops-ai/app/api-keys-db-w2uaNH",
            "description": "Application API keys database",
            "force_overwrite_replica_secret": false,
            "id": "arn:aws:secretsmanager:us-east-1:833896510207:secret:smartcloudops-ai/app/api-keys-db-w2uaNH",
            "kms_key_id": "",
            "name": "smartcloudops-ai/app/api-keys-db",
            "name_prefix": "",
            "policy": "",
            "recovery_window_in_days": 7,
            "replica": [],
            "tags": {
              "Environment": "production",
              "Name": "smartcloudops-ai-app-keys-secret",
              "Purpose": "Application authentication database"
            },
            "tags_all": {
              "Environment": "production",
              "Name": "smartcloudops-ai-app-keys-secret",
              "Purpose": "Application authentication database"
            }
          },
          "sensitive_attributes": [],
          "identity_schema_version": 0,
          "private": "bnVsbA=="
        }
      ]
    },
    {
      "mode": "managed",
      "type": "aws_secretsmanager_secret",
      "name": "database_credentials",
      "provider": "provider[\"registry.terraform.io/hashicorp/aws\"]",
      "instances": [
        {
          "index_key": 0,
          "schema_version": 0,
          "attributes": {
            "arn": "arn:aws:secretsmanager:us-east-1:833896510207:secret:smartcloudops-ai/database/credentials-h0h5XG",
            "description": "Database connection credentials",
            "force_overwrite_replica_secret": false,
            "id": "arn:aws:secretsmanager:us-east-1:833896510207:secret:smartcloudops-ai/database/credentials-h0h5XG",
            "kms_key_id": "",
            "name": "smartcloudops-ai/database/credentials",
            "name_prefix": "",
            "policy": "",
            "recovery_window_in_days": 7,
            "replica": [],
            "tags": {
              "Environment": "production",
              "Name": "smartcloudops-ai-db-secret",
              "Purpose": "Database authentication"
            },
            "tags_all": {
              "Environment": "production",
              "Name": "smartcloudops-ai-db-secret",
              "Purpose": "Database authentication"
            }
          },
          "sensitive_attributes": [],
          "identity_schema_version": 0,
          "private": "bnVsbA=="
        }
      ]
    },
    {
      "mode": "managed",
      "type": "aws_secretsmanager_secret",
      "name": "gemini_api_key",
      "provider": "provider[\"registry.terraform.io/hashicorp/aws\"]",
      "instances": [
        {
          "index_key": 0,
          "schema_version": 0,
          "attributes": {
            "arn": "arn:aws:secretsmanager:us-east-1:833896510207:secret:smartcloudops-ai/gemini/api-key-zWRGNE",
            "description": "Google Gemini API key for SmartCloudOps AI",
            "force_overwrite_replica_secret": false,
            "id": "arn:aws:secretsmanager:us-east-1:833896510207:secret:smartcloudops-ai/gemini/api-key-zWRGNE",
            "kms_key_id": "",
            "name": "smartcloudops-ai/gemini/api-key",
            "name_prefix": "",
            "policy": "",
            "recovery_window_in_days": 7,
            "replica": [],
            "tags": {
              "Environment": "production",
              "Name": "smartcloudops-ai-gemini-secret",
              "Purpose": "Gemini API authentication"
            },
            "tags_all": {
              "Environment": "production",
              "Name": "smartcloudops-ai-gemini-secret",
              "Purpose": "Gemini API authentication"
            }
          },
          "sensitive_attributes": [],
          "identity_schema_version": 0,
          "private": "bnVsbA=="
        }
      ]
    },
    {
      "mode": "managed",
      "type": "aws_secretsmanager_secret",
      "name": "openai_api_key",
      "provider": "provider[\"registry.terraform.io/hashicorp/aws\"]",
      "instances": [
        {
          "index_key": 0,
          "schema_version": 0,
          "attributes": {
            "arn": "arn:aws:secretsmanager:us-east-1:833896510207:secret:smartcloudops-ai/openai/api-key-eVPmyN",
            "description": "OpenAI API key for SmartCloudOps AI",
            "force_overwrite_replica_secret": false,
            "id": "arn:aws:secretsmanager:us-east-1:833896510207:secret:smartcloudops-ai/openai/api-key-eVPmyN",
            "kms_key_id": "",
            "name": "smartcloudops-ai/openai/api-key",
            "name_prefix": "",
            "policy": "",
            "recovery_window_in_days": 7,
            "replica": [],
            "tags": {
              "Environment": "production",
              "Name": "smartcloudops-ai-openai-secret",
              "Purpose": "OpenAI API authentication"
            },
            "tags_all": {
              "Environment": "production",
              "Name": "smartcloudops-ai-openai-secret",
              "Purpose": "OpenAI API authentication"
            }
          },
          "sensitive_attributes": [],
          "identity_schema_version": 0,
          "private": "bnVsbA=="
        }
      ]
    },
    {
      "mode": "managed",
      "type": "aws_secretsmanager_secret_version",
      "name": "gemini_api_key",
      "provider": "provider[\"registry.terraform.io/hashicorp/aws\"]",
      "instances": []
    },
    {
      "mode": "managed",
      "type": "aws_secretsmanager_secret_version",
      "name": "openai_api_key",
      "provider": "provider[\"registry.terraform.io/hashicorp/aws\"]",
      "instances": []
    },
    {
      "mode": "managed",
      "type": "aws_security_group",
      "name": "alb",
      "provider": "provider[\"registry.terraform.io/hashicorp/aws\"]",
      "instances": []
    },
    {
      "mode": "managed",
      "type": "aws_security_group",
      "name": "application",
      "provider": "provider[\"registry.terraform.io/hashicorp/aws\"]",
      "instances": [
        {
          "schema_version": 1,
          "attributes": {
            "arn": "arn:aws:ec2:us-east-1:833896510207:security-group/sg-0ece6fb5b28079e9c",
            "description": "Managed by Terraform",
            "egress": [
              {
                "cidr_blocks": [
                  "0.0.0.0/0"
                ],
                "description": "All outbound traffic",
                "from_port": 0,
                "ipv6_cidr_blocks": [],
                "prefix_list_ids": [],
                "protocol": "-1",
                "security_groups": [],
                "self": false,
                "to_port": 0
              }
            ],
            "id": "sg-0ece6fb5b28079e9c",
            "ingress": [
              {
                "cidr_blocks": [
                  "10.0.0.0/16"
                ],
                "description": "Node Exporter - VPC internal communication",
                "from_port": 9100,
                "ipv6_cidr_blocks": [],
                "prefix_list_ids": [],
                "protocol": "tcp",
                "security_groups": [],
                "self": false,
                "to_port": 9100
              },
              {
                "cidr_blocks": [
                  "157.50.81.168/32",
                  "0.0.0.0/0"
                ],
                "description": "Flask application access from authorized networks",
                "from_port": 5000,
                "ipv6_cidr_blocks": [],
                "prefix_list_ids": [],
                "protocol": "tcp",
                "security_groups": [],
                "self": false,
                "to_port": 5000
              },
              {
                "cidr_blocks": [
                  "157.50.81.168/32",
                  "0.0.0.0/0"
                ],
                "description": "HTTP access from authorized application networks",
                "from_port": 80,
                "ipv6_cidr_blocks": [],
                "prefix_list_ids": [],
                "protocol": "tcp",
                "security_groups": [],
                "self": false,
                "to_port": 80
              },
              {
                "cidr_blocks": [
                  "157.50.81.168/32",
                  "0.0.0.0/0"
                ],
                "description": "SSH access from authorized networks only",
                "from_port": 22,
                "ipv6_cidr_blocks": [],
                "prefix_list_ids": [],
                "protocol": "tcp",
                "security_groups": [],
                "self": false,
                "to_port": 22
              },
              {
                "cidr_blocks": [
                  "157.50.81.168/32"
                ],
                "description": "Emergency admin SSH access",
                "from_port": 22,
                "ipv6_cidr_blocks": [],
                "prefix_list_ids": [],
                "protocol": "tcp",
                "security_groups": [],
                "self": false,
                "to_port": 22
              }
            ],
            "name": "smartcloudops-ai-app-20250804171335984200000002",
            "name_prefix": "smartcloudops-ai-app-",
            "owner_id": "833896510207",
            "revoke_rules_on_delete": false,
            "tags": {
              "Environment": "production",
              "Name": "smartcloudops-ai-app-sg",
              "Security": "hardened"
            },
            "tags_all": {
              "Environment": "production",
              "Name": "smartcloudops-ai-app-sg",
              "Security": "hardened"
            },
            "timeouts": null,
            "vpc_id": "vpc-04f03b2228fe585e6"
          },
          "sensitive_attributes": [],
          "identity_schema_version": 0,
          "private": "eyJlMmJmYjczMC1lY2FhLTExZTYtOGY4OC0zNDM2M2JjN2M0YzAiOnsiY3JlYXRlIjo2MDAwMDAwMDAwMDAsImRlbGV0ZSI6OTAwMDAwMDAwMDAwfSwic2NoZW1hX3ZlcnNpb24iOiIxIn0=",
          "dependencies": [
            "aws_vpc.main"
          ]
        }
      ]
    },
    {
      "mode": "managed",
      "type": "aws_security_group",
      "name": "monitoring",
      "provider": "provider[\"registry.terraform.io/hashicorp/aws\"]",
      "instances": [
        {
          "schema_version": 1,
          "attributes": {
            "arn": "arn:aws:ec2:us-east-1:833896510207:security-group/sg-05fbf3caecebdc008",
            "description": "Managed by Terraform",
            "egress": [
              {
                "cidr_blocks": [
                  "0.0.0.0/0"
                ],
                "description": "All outbound traffic",
                "from_port": 0,
                "ipv6_cidr_blocks": [],
                "prefix_list_ids": [],
                "protocol": "-1",
                "security_groups": [],
                "self": false,
                "to_port": 0
              }
            ],
            "id": "sg-05fbf3caecebdc008",
            "ingress": [
              {
                "cidr_blocks": [
                  "10.0.0.0/16"
                ],
                "description": "Node Exporter - VPC internal communication",
                "from_port": 9100,
                "ipv6_cidr_blocks": [],
                "prefix_list_ids": [],
                "protocol": "tcp",
                "security_groups": [],
                "self": false,
                "to_port": 9100
              },
              {
                "cidr_blocks": [
                  "157.50.81.168/32",
                  "0.0.0.0/0"
                ],
                "description": "SSH access from authorized networks only",
                "from_port": 22,
                "ipv6_cidr_blocks": [],
                "prefix_list_ids": [],
                "protocol": "tcp",
                "security_groups": [],
                "self": false,
                "to_port": 22
              },
              {
                "cidr_blocks": [
                  "157.50.81.168/32"
                ],
                "description": "Emergency admin SSH access",
                "from_port": 22,
                "ipv6_cidr_blocks": [],
                "prefix_list_ids": [],
                "protocol": "tcp",
                "security_groups": [],
                "self": false,
                "to_port": 22
              },
              {
                "cidr_blocks": [
                  "157.50.81.168/32"
                ],
                "description": "Grafana access from authorized monitoring networks",
                "from_port": 3000,
                "ipv6_cidr_blocks": [],
                "prefix_list_ids": [],
                "protocol": "tcp",
                "security_groups": [],
                "self": false,
                "to_port": 3000
              },
              {
                "cidr_blocks": [
                  "157.50.81.168/32"
                ],
                "description": "HTTP access from authorized monitoring networks",
                "from_port": 80,
                "ipv6_cidr_blocks": [],
                "prefix_list_ids": [],
                "protocol": "tcp",
                "security_groups": [],
                "self": false,
                "to_port": 80
              },
              {
                "cidr_blocks": [
                  "157.50.81.168/32"
                ],
                "description": "Prometheus access from authorized monitoring networks",
                "from_port": 9090,
                "ipv6_cidr_blocks": [],
                "prefix_list_ids": [],
                "protocol": "tcp",
                "security_groups": [],
                "self": false,
                "to_port": 9090
              }
            ],
            "name": "smartcloudops-ai-monitoring-20250804171335988600000003",
            "name_prefix": "smartcloudops-ai-monitoring-",
            "owner_id": "833896510207",
            "revoke_rules_on_delete": false,
            "tags": {
              "Environment": "production",
              "Name": "smartcloudops-ai-monitoring-sg",
              "Security": "hardened"
            },
            "tags_all": {
              "Environment": "production",
              "Name": "smartcloudops-ai-monitoring-sg",
              "Security": "hardened"
            },
            "timeouts": null,
            "vpc_id": "vpc-04f03b2228fe585e6"
          },
          "sensitive_attributes": [],
          "identity_schema_version": 0,
          "private": "eyJlMmJmYjczMC1lY2FhLTExZTYtOGY4OC0zNDM2M2JjN2M0YzAiOnsiY3JlYXRlIjo2MDAwMDAwMDAwMDAsImRlbGV0ZSI6OTAwMDAwMDAwMDAwfSwic2NoZW1hX3ZlcnNpb24iOiIxIn0=",
          "dependencies": [
            "aws_vpc.main"
          ]
        }
      ]
    },
    {
      "mode": "managed",
      "type": "aws_subnet",
      "name": "public_1",
      "provider": "provider[\"registry.terraform.io/hashicorp/aws\"]",
      "instances": [
        {
          "schema_version": 1,
          "attributes": {
            "arn": "arn:aws:ec2:us-east-1:833896510207:subnet/subnet-02b9be69811d7556e",
            "assign_ipv6_address_on_creation": false,
            "availability_zone": "us-east-1a",
            "availability_zone_id": "use1-az6",
            "cidr_block": "10.0.1.0/24",
            "customer_owned_ipv4_pool": "",
            "enable_dns64": false,
            "enable_lni_at_device_index": 0,
            "enable_resource_name_dns_a_record_on_launch": false,
            "enable_resource_name_dns_aaaa_record_on_launch": false,
            "id": "subnet-02b9be69811d7556e",
            "ipv6_cidr_block": "",
            "ipv6_cidr_block_association_id": "",
            "ipv6_native": false,
            "map_customer_owned_ip_on_launch": false,
            "map_public_ip_on_launch": true,
            "outpost_arn": "",
            "owner_id": "833896510207",
            "private_dns_hostname_type_on_launch": "ip-name",
            "tags": {
              "Name": "smartcloudops-ai-public-1"
            },
            "tags_all": {
              "Name": "smartcloudops-ai-public-1"
            },
            "timeouts": null,
            "vpc_id": "vpc-04f03b2228fe585e6"
          },
          "sensitive_attributes": [],
          "identity_schema_version": 0,
          "private": "eyJlMmJmYjczMC1lY2FhLTExZTYtOGY4OC0zNDM2M2JjN2M0YzAiOnsiY3JlYXRlIjo2MDAwMDAwMDAwMDAsImRlbGV0ZSI6MTIwMDAwMDAwMDAwMH0sInNjaGVtYV92ZXJzaW9uIjoiMSJ9",
          "dependencies": [
            "aws_vpc.main",
            "data.aws_availability_zones.available"
          ]
        }
      ]
    },
    {
      "mode": "managed",
      "type": "aws_subnet",
      "name": "public_2",
      "provider": "provider[\"registry.terraform.io/hashicorp/aws\"]",
      "instances": [
        {
          "schema_version": 1,
          "attributes": {
            "arn": "arn:aws:ec2:us-east-1:833896510207:subnet/subnet-030091d41c99c1613",
            "assign_ipv6_address_on_creation": false,
            "availability_zone": "us-east-1b",
            "availability_zone_id": "use1-az1",
            "cidr_block": "10.0.2.0/24",
            "customer_owned_ipv4_pool": "",
            "enable_dns64": false,
            "enable_lni_at_device_index": 0,
            "enable_resource_name_dns_a_record_on_launch": false,
            "enable_resource_name_dns_aaaa_record_on_launch": false,
            "id": "subnet-030091d41c99c1613",
            "ipv6_cidr_block": "",
            "ipv6_cidr_block_association_id": "",
            "ipv6_native": false,
            "map_customer_owned_ip_on_launch": false,
            "map_public_ip_on_launch": true,
            "outpost_arn": "",
            "owner_id": "833896510207",
            "private_dns_hostname_type_on_launch": "ip-name",
            "tags": {
              "Name": "smartcloudops-ai-public-2"
            },
            "tags_all": {
              "Name": "smartcloudops-ai-public-2"
            },
            "timeouts": null,
            "vpc_id": "vpc-04f03b2228fe585e6"
          },
          "sensitive_attributes": [],
          "identity_schema_version": 0,
          "private": "eyJlMmJmYjczMC1lY2FhLTExZTYtOGY4OC0zNDM2M2JjN2M0YzAiOnsiY3JlYXRlIjo2MDAwMDAwMDAwMDAsImRlbGV0ZSI6MTIwMDAwMDAwMDAwMH0sInNjaGVtYV92ZXJzaW9uIjoiMSJ9",
          "dependencies": [
            "aws_vpc.main",
            "data.aws_availability_zones.available"
          ]
        }
      ]
    },
    {
      "mode": "managed",
      "type": "aws_vpc",
      "name": "main",
      "provider": "provider[\"registry.terraform.io/hashicorp/aws\"]",
      "instances": [
        {
          "schema_version": 1,
          "attributes": {
            "arn": "arn:aws:ec2:us-east-1:833896510207:vpc/vpc-04f03b2228fe585e6",
            "assign_generated_ipv6_cidr_block": false,
            "cidr_block": "10.0.0.0/16",
            "default_network_acl_id": "acl-08fa8de1742756fcb",
            "default_route_table_id": "rtb-07c93e30794147846",
            "default_security_group_id": "sg-0be178bcfe9374b33",
            "dhcp_options_id": "dopt-09dceb64ae28662a3",
            "enable_dns_hostnames": true,
            "enable_dns_support": true,
            "enable_network_address_usage_metrics": false,
            "id": "vpc-04f03b2228fe585e6",
            "instance_tenancy": "default",
            "ipv4_ipam_pool_id": null,
            "ipv4_netmask_length": null,
            "ipv6_association_id": "",
            "ipv6_cidr_block": "",
            "ipv6_cidr_block_network_border_group": "",
            "ipv6_ipam_pool_id": "",
            "ipv6_netmask_length": 0,
            "main_route_table_id": "rtb-07c93e30794147846",
            "owner_id": "833896510207",
            "tags": {
              "Name": "smartcloudops-ai-vpc"
            },
            "tags_all": {
              "Name": "smartcloudops-ai-vpc"
            }
          },
          "sensitive_attributes": [],
          "identity_schema_version": 0,
          "private": "eyJzY2hlbWFfdmVyc2lvbiI6IjEifQ=="
        }
      ]
    },
    {
      "mode": "managed",
      "type": "random_id",
      "name": "bucket_suffix",
      "provider": "provider[\"registry.terraform.io/hashicorp/random\"]",
      "instances": [
        {
          "schema_version": 0,
          "attributes": {
            "b64_std": "qnvh5w==",
            "b64_url": "qnvh5w",
            "byte_length": 4,
            "dec": "2860245479",
            "hex": "aa7be1e7",
            "id": "qnvh5w",
            "keepers": null,
            "prefix": null
          },
          "sensitive_attributes": [],
          "identity_schema_version": 0
        }
      ]
    },
    {
      "mode": "managed",
      "type": "random_string",
      "name": "bucket_suffix",
      "provider": "provider[\"registry.terraform.io/hashicorp/random\"]",
      "instances": []
    },
    {
      "mode": "managed",
      "type": "random_string",
      "name": "cloudtrail_suffix",
      "provider": "provider[\"registry.terraform.io/hashicorp/random\"]",
      "instances": [
        {
          "index_key": 0,
          "schema_version": 2,
          "attributes": {
            "id": "n3vmxiko",
            "keepers": null,
            "length": 8,
            "lower": true,
            "min_lower": 0,
            "min_numeric": 0,
            "min_special": 0,
            "min_upper": 0,
            "number": true,
            "numeric": true,
            "override_special": null,
            "result": "n3vmxiko",
            "special": false,
            "upper": false
          },
          "sensitive_attributes": [],
          "identity_schema_version": 0
        }
      ]
    }
  ],
  "check_results": null
}
